
Microsoft Visual Studio Solution File, Format Version 12.00
# Visual Studio 15
VisualStudioVersion = 15.0.27703.2018
MinimumVisualStudioVersion = 10.0.40219.1
Project("{FAE04EC0-301F-11D3-BF4B-00C04F79EFBC}") = "Lands.Android", "Lands\Lands.Android\Lands.Android.csproj", "{E019986C-66FB-4B33-8398-D2AE56C21AA1}"
EndProject
Project("{FAE04EC0-301F-11D3-BF4B-00C04F79EFBC}") = "Lands.iOS", "Lands\Lands.iOS\Lands.iOS.csproj", "{D60CC812-01C0-4F38-830F-7116D104DBAE}"
EndProject
Project("{9A19103F-16F7-4668-BE54-9A1E7A4F7556}") = "Lands", "Lands\Lands\Lands.csproj", "{547C744E-E976-471E-ADE3-7B871606F26D}"
EndProject
Project("{FAE04EC0-301F-11D3-BF4B-00C04F79EFBC}") = "Lands.Domain", "Lands.Domain\Lands.Domain.csproj", "{D01CC464-2486-4BDC-AB07-08AE496EFBAF}"
EndProject
Project("{FAE04EC0-301F-11D3-BF4B-00C04F79EFBC}") = "Lands.Backend", "Lands.Backend\Lands.Backend.csproj", "{42EC65C7-CDDD-4017-99B2-69ADE2978509}"
EndProject
Project("{FAE04EC0-301F-11D3-BF4B-00C04F79EFBC}") = "Lands.API", "Lands.API\Lands.API.csproj", "{323CC6DC-83EE-4F3D-99AA-96317FE5C9F1}"
EndProject
Global
	GlobalSection(SolutionConfigurationPlatforms) = preSolution
		Ad-Hoc|Any CPU = Ad-Hoc|Any CPU
		Ad-Hoc|iPhone = Ad-Hoc|iPhone
		Ad-Hoc|iPhoneSimulator = Ad-Hoc|iPhoneSimulator
		AppStore|Any CPU = AppStore|Any CPU
		AppStore|iPhone = AppStore|iPhone
		AppStore|iPhoneSimulator = AppStore|iPhoneSimulator
		Debug|Any CPU = Debug|Any CPU
		Debug|iPhone = Debug|iPhone
		Debug|iPhoneSimulator = Debug|iPhoneSimulator
		Release|Any CPU = Release|Any CPU
		Release|iPhone = Release|iPhone
		Release|iPhoneSimulator = Release|iPhoneSimulator
	EndGlobalSection
	GlobalSection(ProjectConfigurationPlatforms) = postSolution
		{E019986C-66FB-4B33-8398-D2AE56C21AA1}.Ad-Hoc|Any CPU.ActiveCfg = Release|Any CPU
		{E019986C-66FB-4B33-8398-D2AE56C21AA1}.Ad-Hoc|Any CPU.Build.0 = Release|Any CPU
		{E019986C-66FB-4B33-8398-D2AE56C21AA1}.Ad-Hoc|Any CPU.Deploy.0 = Release|Any CPU
		{E019986C-66FB-4B33-8398-D2AE56C21AA1}.Ad-Hoc|iPhone.ActiveCfg = Release|Any CPU
		{E019986C-66FB-4B33-8398-D2AE56C21AA1}.Ad-Hoc|iPhone.Build.0 = Release|Any CPU
		{E019986C-66FB-4B33-8398-D2AE56C21AA1}.Ad-Hoc|iPhone.Deploy.0 = Release|Any CPU
		{E019986C-66FB-4B33-8398-D2AE56C21AA1}.Ad-Hoc|iPhoneSimulator.ActiveCfg = Release|Any CPU
		{E019986C-66FB-4B33-8398-D2AE56C21AA1}.Ad-Hoc|iPhoneSimulator.Build.0 = Release|Any CPU
		{E019986C-66FB-4B33-8398-D2AE56C21AA1}.Ad-Hoc|iPhoneSimulator.Deploy.0 = Release|Any CPU
		{E019986C-66FB-4B33-8398-D2AE56C21AA1}.AppStore|Any CPU.ActiveCfg = Release|Any CPU
		{E019986C-66FB-4B33-8398-D2AE56C21AA1}.AppStore|Any CPU.Build.0 = Release|Any CPU
		{E019986C-66FB-4B33-8398-D2AE56C21AA1}.AppStore|Any CPU.Deploy.0 = Release|Any CPU
		{E019986C-66FB-4B33-8398-D2AE56C21AA1}.AppStore|iPhone.ActiveCfg = Release|Any CPU
		{E019986C-66FB-4B33-8398-D2AE56C21AA1}.AppStore|iPhone.Build.0 = Release|Any CPU
		{E019986C-66FB-4B33-8398-D2AE56C21AA1}.AppStore|iPhone.Deploy.0 = Release|Any CPU
		{E019986C-66FB-4B33-8398-D2AE56C21AA1}.AppStore|iPhoneSimulator.ActiveCfg = Release|Any CPU
		{E019986C-66FB-4B33-8398-D2AE56C21AA1}.AppStore|iPhoneSimulator.Build.0 = Release|Any CPU
		{E019986C-66FB-4B33-8398-D2AE56C21AA1}.AppStore|iPhoneSimulator.Deploy.0 = Release|Any CPU
		{E019986C-66FB-4B33-8398-D2AE56C21AA1}.Debug|Any CPU.ActiveCfg = Debug|Any CPU
		{E019986C-66FB-4B33-8398-D2AE56C21AA1}.Debug|Any CPU.Build.0 = Debug|Any CPU
		{E019986C-66FB-4B33-8398-D2AE56C21AA1}.Debug|Any CPU.Deploy.0 = Debug|Any CPU
		{E019986C-66FB-4B33-8398-D2AE56C21AA1}.Debug|iPhone.ActiveCfg = Debug|Any CPU
		{E019986C-66FB-4B33-8398-D2AE56C21AA1}.Debug|iPhone.Build.0 = Debug|Any CPU
		{E019986C-66FB-4B33-8398-D2AE56C21AA1}.Debug|iPhone.Deploy.0 = Debug|Any CPU
		{E019986C-66FB-4B33-8398-D2AE56C21AA1}.Debug|iPhoneSimulator.ActiveCfg = Debug|Any CPU
		{E019986C-66FB-4B33-8398-D2AE56C21AA1}.Debug|iPhoneSimulator.Build.0 = Debug|Any CPU
		{E019986C-66FB-4B33-8398-D2AE56C21AA1}.Debug|iPhoneSimulator.Deploy.0 = Debug|Any CPU
		{E019986C-66FB-4B33-8398-D2AE56C21AA1}.Release|Any CPU.ActiveCfg = Release|Any CPU
		{E019986C-66FB-4B33-8398-D2AE56C21AA1}.Release|Any CPU.Build.0 = Release|Any CPU
		{E019986C-66FB-4B33-8398-D2AE56C21AA1}.Release|Any CPU.Deploy.0 = Release|Any CPU
		{E019986C-66FB-4B33-8398-D2AE56C21AA1}.Release|iPhone.ActiveCfg = Release|Any CPU
		{E019986C-66FB-4B33-8398-D2AE56C21AA1}.Release|iPhone.Build.0 = Release|Any CPU
		{E019986C-66FB-4B33-8398-D2AE56C21AA1}.Release|iPhone.Deploy.0 = Release|Any CPU
		{E019986C-66FB-4B33-8398-D2AE56C21AA1}.Release|iPhoneSimulator.ActiveCfg = Release|Any CPU
		{E019986C-66FB-4B33-8398-D2AE56C21AA1}.Release|iPhoneSimulator.Build.0 = Release|Any CPU
		{E019986C-66FB-4B33-8398-D2AE56C21AA1}.Release|iPhoneSimulator.Deploy.0 = Release|Any CPU
		{D60CC812-01C0-4F38-830F-7116D104DBAE}.Ad-Hoc|Any CPU.ActiveCfg = Ad-Hoc|iPhone
		{D60CC812-01C0-4F38-830F-7116D104DBAE}.Ad-Hoc|Any CPU.Build.0 = Ad-Hoc|iPhone
		{D60CC812-01C0-4F38-830F-7116D104DBAE}.Ad-Hoc|Any CPU.Deploy.0 = Ad-Hoc|iPhone
		{D60CC812-01C0-4F38-830F-7116D104DBAE}.Ad-Hoc|iPhone.ActiveCfg = Ad-Hoc|iPhone
		{D60CC812-01C0-4F38-830F-7116D104DBAE}.Ad-Hoc|iPhone.Build.0 = Ad-Hoc|iPhone
		{D60CC812-01C0-4F38-830F-7116D104DBAE}.Ad-Hoc|iPhone.Deploy.0 = Ad-Hoc|iPhone
		{D60CC812-01C0-4F38-830F-7116D104DBAE}.Ad-Hoc|iPhoneSimulator.ActiveCfg = Ad-Hoc|iPhoneSimulator
		{D60CC812-01C0-4F38-830F-7116D104DBAE}.Ad-Hoc|iPhoneSimulator.Build.0 = Ad-Hoc|iPhoneSimulator
		{D60CC812-01C0-4F38-830F-7116D104DBAE}.Ad-Hoc|iPhoneSimulator.Deploy.0 = Ad-Hoc|iPhoneSimulator
		{D60CC812-01C0-4F38-830F-7116D104DBAE}.AppStore|Any CPU.ActiveCfg = AppStore|iPhone
		{D60CC812-01C0-4F38-830F-7116D104DBAE}.AppStore|Any CPU.Build.0 = AppStore|iPhone
		{D60CC812-01C0-4F38-830F-7116D104DBAE}.AppStore|Any CPU.Deploy.0 = AppStore|iPhone
		{D60CC812-01C0-4F38-830F-7116D104DBAE}.AppStore|iPhone.ActiveCfg = AppStore|iPhone
		{D60CC812-01C0-4F38-830F-7116D104DBAE}.AppStore|iPhone.Build.0 = AppStore|iPhone
		{D60CC812-01C0-4F38-830F-7116D104DBAE}.AppStore|iPhone.Deploy.0 = AppStore|iPhone
		{D60CC812-01C0-4F38-830F-7116D104DBAE}.AppStore|iPhoneSimulator.ActiveCfg = AppStore|iPhoneSimulator
		{D60CC812-01C0-4F38-830F-7116D104DBAE}.AppStore|iPhoneSimulator.Build.0 = AppStore|iPhoneSimulator
		{D60CC812-01C0-4F38-830F-7116D104DBAE}.AppStore|iPhoneSimulator.Deploy.0 = AppStore|iPhoneSimulator
		{D60CC812-01C0-4F38-830F-7116D104DBAE}.Debug|Any CPU.ActiveCfg = Debug|iPhoneSimulator
		{D60CC812-01C0-4F38-830F-7116D104DBAE}.Debug|Any CPU.Build.0 = Debug|iPhoneSimulator
		{D60CC812-01C0-4F38-830F-7116D104DBAE}.Debug|Any CPU.Deploy.0 = Debug|iPhoneSimulator
		{D60CC812-01C0-4F38-830F-7116D104DBAE}.Debug|iPhone.ActiveCfg = Debug|iPhone
		{D60CC812-01C0-4F38-830F-7116D104DBAE}.Debug|iPhone.Build.0 = Debug|iPhone
		{D60CC812-01C0-4F38-830F-7116D104DBAE}.Debug|iPhone.Deploy.0 = Debug|iPhone
		{D60CC812-01C0-4F38-830F-7116D104DBAE}.Debug|iPhoneSimulator.ActiveCfg = Debug|iPhoneSimulator
		{D60CC812-01C0-4F38-830F-7116D104DBAE}.Debug|iPhoneSimulator.Build.0 = Debug|iPhoneSimulator
		{D60CC812-01C0-4F38-830F-7116D104DBAE}.Debug|iPhoneSimulator.Deploy.0 = Debug|iPhoneSimulator
		{D60CC812-01C0-4F38-830F-7116D104DBAE}.Release|Any CPU.ActiveCfg = Release|iPhone
		{D60CC812-01C0-4F38-830F-7116D104DBAE}.Release|Any CPU.Build.0 = Release|iPhone
		{D60CC812-01C0-4F38-830F-7116D104DBAE}.Release|Any CPU.Deploy.0 = Release|iPhone
		{D60CC812-01C0-4F38-830F-7116D104DBAE}.Release|iPhone.ActiveCfg = Release|iPhone
		{D60CC812-01C0-4F38-830F-7116D104DBAE}.Release|iPhone.Build.0 = Release|iPhone
		{D60CC812-01C0-4F38-830F-7116D104DBAE}.Release|iPhone.Deploy.0 = Release|iPhone
		{D60CC812-01C0-4F38-830F-7116D104DBAE}.Release|iPhoneSimulator.ActiveCfg = Release|iPhoneSimulator
		{D60CC812-01C0-4F38-830F-7116D104DBAE}.Release|iPhoneSimulator.Build.0 = Release|iPhoneSimulator
		{D60CC812-01C0-4F38-830F-7116D104DBAE}.Release|iPhoneSimulator.Deploy.0 = Release|iPhoneSimulator
		{547C744E-E976-471E-ADE3-7B871606F26D}.Ad-Hoc|Any CPU.ActiveCfg = Debug|Any CPU
		{547C744E-E976-471E-ADE3-7B871606F26D}.Ad-Hoc|Any CPU.Build.0 = Debug|Any CPU
		{547C744E-E976-471E-ADE3-7B871606F26D}.Ad-Hoc|Any CPU.Deploy.0 = Debug|Any CPU
		{547C744E-E976-471E-ADE3-7B871606F26D}.Ad-Hoc|iPhone.ActiveCfg = Debug|Any CPU
		{547C744E-E976-471E-ADE3-7B871606F26D}.Ad-Hoc|iPhone.Build.0 = Debug|Any CPU
		{547C744E-E976-471E-ADE3-7B871606F26D}.Ad-Hoc|iPhone.Deploy.0 = Debug|Any CPU
		{547C744E-E976-471E-ADE3-7B871606F26D}.Ad-Hoc|iPhoneSimulator.ActiveCfg = Debug|Any CPU
		{547C744E-E976-471E-ADE3-7B871606F26D}.Ad-Hoc|iPhoneSimulator.Build.0 = Debug|Any CPU
		{547C744E-E976-471E-ADE3-7B871606F26D}.Ad-Hoc|iPhoneSimulator.Deploy.0 = Debug|Any CPU
		{547C744E-E976-471E-ADE3-7B871606F26D}.AppStore|Any CPU.ActiveCfg = Debug|Any CPU
		{547C744E-E976-471E-ADE3-7B871606F26D}.AppStore|Any CPU.Build.0 = Debug|Any CPU
		{547C744E-E976-471E-ADE3-7B871606F26D}.AppStore|Any CPU.Deploy.0 = Debug|Any CPU
		{547C744E-E976-471E-ADE3-7B871606F26D}.AppStore|iPhone.ActiveCfg = Debug|Any CPU
		{547C744E-E976-471E-ADE3-7B871606F26D}.AppStore|iPhone.Build.0 = Debug|Any CPU
		{547C744E-E976-471E-ADE3-7B871606F26D}.AppStore|iPhone.Deploy.0 = Debug|Any CPU
		{547C744E-E976-471E-ADE3-7B871606F26D}.AppStore|iPhoneSimulator.ActiveCfg = Debug|Any CPU
		{547C744E-E976-471E-ADE3-7B871606F26D}.AppStore|iPhoneSimulator.Build.0 = Debug|Any CPU
		{547C744E-E976-471E-ADE3-7B871606F26D}.AppStore|iPhoneSimulator.Deploy.0 = Debug|Any CPU
		{547C744E-E976-471E-ADE3-7B871606F26D}.Debug|Any CPU.ActiveCfg = Debug|Any CPU
		{547C744E-E976-471E-ADE3-7B871606F26D}.Debug|Any CPU.Build.0 = Debug|Any CPU
		{547C744E-E976-471E-ADE3-7B871606F26D}.Debug|Any CPU.Deploy.0 = Debug|Any CPU
		{547C744E-E976-471E-ADE3-7B871606F26D}.Debug|iPhone.ActiveCfg = Debug|Any CPU
		{547C744E-E976-471E-ADE3-7B871606F26D}.Debug|iPhone.Build.0 = Debug|Any CPU
		{547C744E-E976-471E-ADE3-7B871606F26D}.Debug|iPhone.Deploy.0 = Debug|Any CPU
		{547C744E-E976-471E-ADE3-7B871606F26D}.Debug|iPhoneSimulator.ActiveCfg = Debug|Any CPU
		{547C744E-E976-471E-ADE3-7B871606F26D}.Debug|iPhoneSimulator.Build.0 = Debug|Any CPU
		{547C744E-E976-471E-ADE3-7B871606F26D}.Debug|iPhoneSimulator.Deploy.0 = Debug|Any CPU
		{547C744E-E976-471E-ADE3-7B871606F26D}.Release|Any CPU.ActiveCfg = Release|Any CPU
		{547C744E-E976-471E-ADE3-7B871606F26D}.Release|Any CPU.Build.0 = Release|Any CPU
		{547C744E-E976-471E-ADE3-7B871606F26D}.Release|Any CPU.Deploy.0 = Release|Any CPU
		{547C744E-E976-471E-ADE3-7B871606F26D}.Release|iPhone.ActiveCfg = Release|Any CPU
		{547C744E-E976-471E-ADE3-7B871606F26D}.Release|iPhone.Build.0 = Release|Any CPU
		{547C744E-E976-471E-ADE3-7B871606F26D}.Release|iPhone.Deploy.0 = Release|Any CPU
		{547C744E-E976-471E-ADE3-7B871606F26D}.Release|iPhoneSimulator.ActiveCfg = Release|Any CPU
		{547C744E-E976-471E-ADE3-7B871606F26D}.Release|iPhoneSimulator.Build.0 = Release|Any CPU
		{547C744E-E976-471E-ADE3-7B871606F26D}.Release|iPhoneSimulator.Deploy.0 = Release|Any CPU
		{D01CC464-2486-4BDC-AB07-08AE496EFBAF}.Ad-Hoc|Any CPU.ActiveCfg = Release|Any CPU
		{D01CC464-2486-4BDC-AB07-08AE496EFBAF}.Ad-Hoc|Any CPU.Build.0 = Release|Any CPU
		{D01CC464-2486-4BDC-AB07-08AE496EFBAF}.Ad-Hoc|iPhone.ActiveCfg = Release|Any CPU
		{D01CC464-2486-4BDC-AB07-08AE496EFBAF}.Ad-Hoc|iPhone.Build.0 = Release|Any CPU
		{D01CC464-2486-4BDC-AB07-08AE496EFBAF}.Ad-Hoc|iPhoneSimulator.ActiveCfg = Release|Any CPU
		{D01CC464-2486-4BDC-AB07-08AE496EFBAF}.Ad-Hoc|iPhoneSimulator.Build.0 = Release|Any CPU
		{D01CC464-2486-4BDC-AB07-08AE496EFBAF}.AppStore|Any CPU.ActiveCfg = Release|Any CPU
		{D01CC464-2486-4BDC-AB07-08AE496EFBAF}.AppStore|Any CPU.Build.0 = Release|Any CPU
		{D01CC464-2486-4BDC-AB07-08AE496EFBAF}.AppStore|iPhone.ActiveCfg = Release|Any CPU
		{D01CC464-2486-4BDC-AB07-08AE496EFBAF}.AppStore|iPhone.Build.0 = Release|Any CPU
		{D01CC464-2486-4BDC-AB07-08AE496EFBAF}.AppStore|iPhoneSimulator.ActiveCfg = Release|Any CPU
		{D01CC464-2486-4BDC-AB07-08AE496EFBAF}.AppStore|iPhoneSimulator.Build.0 = Release|Any CPU
		{D01CC464-2486-4BDC-AB07-08AE496EFBAF}.Debug|Any CPU.ActiveCfg = Debug|Any CPU
		{D01CC464-2486-4BDC-AB07-08AE496EFBAF}.Debug|Any CPU.Build.0 = Debug|Any CPU
		{D01CC464-2486-4BDC-AB07-08AE496EFBAF}.Debug|iPhone.ActiveCfg = Debug|Any CPU
		{D01CC464-2486-4BDC-AB07-08AE496EFBAF}.Debug|iPhone.Build.0 = Debug|Any CPU
		{D01CC464-2486-4BDC-AB07-08AE496EFBAF}.Debug|iPhoneSimulator.ActiveCfg = Debug|Any CPU
		{D01CC464-2486-4BDC-AB07-08AE496EFBAF}.Debug|iPhoneSimulator.Build.0 = Debug|Any CPU
		{D01CC464-2486-4BDC-AB07-08AE496EFBAF}.Release|Any CPU.ActiveCfg = Release|Any CPU
		{D01CC464-2486-4BDC-AB07-08AE496EFBAF}.Release|Any CPU.Build.0 = Release|Any CPU
		{D01CC464-2486-4BDC-AB07-08AE496EFBAF}.Release|iPhone.ActiveCfg = Release|Any CPU
		{D01CC464-2486-4BDC-AB07-08AE496EFBAF}.Release|iPhone.Build.0 = Release|Any CPU
		{D01CC464-2486-4BDC-AB07-08AE496EFBAF}.Release|iPhoneSimulator.ActiveCfg = Release|Any CPU
		{D01CC464-2486-4BDC-AB07-08AE496EFBAF}.Release|iPhoneSimulator.Build.0 = Release|Any CPU
		{42EC65C7-CDDD-4017-99B2-69ADE2978509}.Ad-Hoc|Any CPU.ActiveCfg = Release|Any CPU
		{42EC65C7-CDDD-4017-99B2-69ADE2978509}.Ad-Hoc|Any CPU.Build.0 = Release|Any CPU
		{42EC65C7-CDDD-4017-99B2-69ADE2978509}.Ad-Hoc|iPhone.ActiveCfg = Release|Any CPU
		{42EC65C7-CDDD-4017-99B2-69ADE2978509}.Ad-Hoc|iPhone.Build.0 = Release|Any CPU
		{42EC65C7-CDDD-4017-99B2-69ADE2978509}.Ad-Hoc|iPhoneSimulator.ActiveCfg = Release|Any CPU
		{42EC65C7-CDDD-4017-99B2-69ADE2978509}.Ad-Hoc|iPhoneSimulator.Build.0 = Release|Any CPU
		{42EC65C7-CDDD-4017-99B2-69ADE2978509}.AppStore|Any CPU.ActiveCfg = Release|Any CPU
		{42EC65C7-CDDD-4017-99B2-69ADE2978509}.AppStore|Any CPU.Build.0 = Release|Any CPU
		{42EC65C7-CDDD-4017-99B2-69ADE2978509}.AppStore|iPhone.ActiveCfg = Release|Any CPU
		{42EC65C7-CDDD-4017-99B2-69ADE2978509}.AppStore|iPhone.Build.0 = Release|Any CPU
		{42EC65C7-CDDD-4017-99B2-69ADE2978509}.AppStore|iPhoneSimulator.ActiveCfg = Release|Any CPU
		{42EC65C7-CDDD-4017-99B2-69ADE2978509}.AppStore|iPhoneSimulator.Build.0 = Release|Any CPU
		{42EC65C7-CDDD-4017-99B2-69ADE2978509}.Debug|Any CPU.ActiveCfg = Debug|Any CPU
		{42EC65C7-CDDD-4017-99B2-69ADE2978509}.Debug|Any CPU.Build.0 = Debug|Any CPU
		{42EC65C7-CDDD-4017-99B2-69ADE2978509}.Debug|iPhone.ActiveCfg = Debug|Any CPU
		{42EC65C7-CDDD-4017-99B2-69ADE2978509}.Debug|iPhone.Build.0 = Debug|Any CPU
		{42EC65C7-CDDD-4017-99B2-69ADE2978509}.Debug|iPhoneSimulator.ActiveCfg = Debug|Any CPU
		{42EC65C7-CDDD-4017-99B2-69ADE2978509}.Debug|iPhoneSimulator.Build.0 = Debug|Any CPU
		{42EC65C7-CDDD-4017-99B2-69ADE2978509}.Release|Any CPU.ActiveCfg = Release|Any CPU
		{42EC65C7-CDDD-4017-99B2-69ADE2978509}.Release|Any CPU.Build.0 = Release|Any CPU
		{42EC65C7-CDDD-4017-99B2-69ADE2978509}.Release|iPhone.ActiveCfg = Release|Any CPU
		{42EC65C7-CDDD-4017-99B2-69ADE2978509}.Release|iPhone.Build.0 = Release|Any CPU
		{42EC65C7-CDDD-4017-99B2-69ADE2978509}.Release|iPhoneSimulator.ActiveCfg = Release|Any CPU
		{42EC65C7-CDDD-4017-99B2-69ADE2978509}.Release|iPhoneSimulator.Build.0 = Release|Any CPU
		{323CC6DC-83EE-4F3D-99AA-96317FE5C9F1}.Ad-Hoc|Any CPU.ActiveCfg = Release|Any CPU
		{323CC6DC-83EE-4F3D-99AA-96317FE5C9F1}.Ad-Hoc|Any CPU.Build.0 = Release|Any CPU
		{323CC6DC-83EE-4F3D-99AA-96317FE5C9F1}.Ad-Hoc|iPhone.ActiveCfg = Release|Any CPU
		{323CC6DC-83EE-4F3D-99AA-96317FE5C9F1}.Ad-Hoc|iPhone.Build.0 = Release|Any CPU
		{323CC6DC-83EE-4F3D-99AA-96317FE5C9F1}.Ad-Hoc|iPhoneSimulator.ActiveCfg = Release|Any CPU
		{323CC6DC-83EE-4F3D-99AA-96317FE5C9F1}.Ad-Hoc|iPhoneSimulator.Build.0 = Release|Any CPU
		{323CC6DC-83EE-4F3D-99AA-96317FE5C9F1}.AppStore|Any CPU.ActiveCfg = Release|Any CPU
		{323CC6DC-83EE-4F3D-99AA-96317FE5C9F1}.AppStore|Any CPU.Build.0 = Release|Any CPU
		{323CC6DC-83EE-4F3D-99AA-96317FE5C9F1}.AppStore|iPhone.ActiveCfg = Release|Any CPU
		{323CC6DC-83EE-4F3D-99AA-96317FE5C9F1}.AppStore|iPhone.Build.0 = Release|Any CPU
		{323CC6DC-83EE-4F3D-99AA-96317FE5C9F1}.AppStore|iPhoneSimulator.ActiveCfg = Release|Any CPU
		{323CC6DC-83EE-4F3D-99AA-96317FE5C9F1}.AppStore|iPhoneSimulator.Build.0 = Release|Any CPU
		{323CC6DC-83EE-4F3D-99AA-96317FE5C9F1}.Debug|Any CPU.ActiveCfg = Debug|Any CPU
		{323CC6DC-83EE-4F3D-99AA-96317FE5C9F1}.Debug|Any CPU.Build.0 = Debug|Any CPU
		{323CC6DC-83EE-4F3D-99AA-96317FE5C9F1}.Debug|iPhone.ActiveCfg = Debug|Any CPU
		{323CC6DC-83EE-4F3D-99AA-96317FE5C9F1}.Debug|iPhone.Build.0 = Debug|Any CPU
		{323CC6DC-83EE-4F3D-99AA-96317FE5C9F1}.Debug|iPhoneSimulator.ActiveCfg = Debug|Any CPU
		{323CC6DC-83EE-4F3D-99AA-96317FE5C9F1}.Debug|iPhoneSimulator.Build.0 = Debug|Any CPU
		{323CC6DC-83EE-4F3D-99AA-96317FE5C9F1}.Release|Any CPU.ActiveCfg = Release|Any CPU
		{323CC6DC-83EE-4F3D-99AA-96317FE5C9F1}.Release|Any CPU.Build.0 = Release|Any CPU
		{323CC6DC-83EE-4F3D-99AA-96317FE5C9F1}.Release|iPhone.ActiveCfg = Release|Any CPU
		{323CC6DC-83EE-4F3D-99AA-96317FE5C9F1}.Release|iPhone.Build.0 = Release|Any CPU
		{323CC6DC-83EE-4F3D-99AA-96317FE5C9F1}.Release|iPhoneSimulator.ActiveCfg = Release|Any CPU
		{323CC6DC-83EE-4F3D-99AA-96317FE5C9F1}.Release|iPhoneSimulator.Build.0 = Release|Any CPU
	EndGlobalSection
	GlobalSection(SolutionProperties) = preSolution
		HideSolutionNode = FALSE
	EndGlobalSection
	GlobalSection(ExtensibilityGlobals) = postSolution
		SolutionGuid = {A213F99E-4799-457F-9B3C-4F8599C87BD6}
	EndGlobalSection
EndGlobal
